
Microsoft Visual Studio Solution File, Format Version 12.00
# Visual Studio Version 16
VisualStudioVersion = 16.0.33328.57
MinimumVisualStudioVersion = 10.0.40219.1
Project("{9A19103F-16F7-4668-BE54-9A1E7A4F7556}") = "Student", "Student\Student.csproj", "{1812E337-8430-4637-9EED-4DA2C6657E36}"
EndProject
Project("{FAE04EC0-301F-11D3-BF4B-00C04F79EFBC}") = "StudentTests", "StudentTests\StudentTests.csproj", "{52B91D38-BA91-4916-8223-8A76C0975631}"
EndProject
Global
	GlobalSection(SolutionConfigurationPlatforms) = preSolution
		Debug|Any CPU = Debug|Any CPU
		Release|Any CPU = Release|Any CPU
	EndGlobalSection
	GlobalSection(ProjectConfigurationPlatforms) = postSolution
		{1812E337-8430-4637-9EED-4DA2C6657E36}.Debug|Any CPU.ActiveCfg = Debug|Any CPU
		{1812E337-8430-4637-9EED-4DA2C6657E36}.Debug|Any CPU.Build.0 = Debug|Any CPU
		{1812E337-8430-4637-9EED-4DA2C6657E36}.Release|Any CPU.ActiveCfg = Release|Any CPU
		{1812E337-8430-4637-9EED-4DA2C6657E36}.Release|Any CPU.Build.0 = Release|Any CPU
		{52B91D38-BA91-4916-8223-8A76C0975631}.Debug|Any CPU.ActiveCfg = Debug|Any CPU
		{52B91D38-BA91-4916-8223-8A76C0975631}.Debug|Any CPU.Build.0 = Debug|Any CPU
		{52B91D38-BA91-4916-8223-8A76C0975631}.Release|Any CPU.ActiveCfg = Release|Any CPU
		{52B91D38-BA91-4916-8223-8A76C0975631}.Release|Any CPU.Build.0 = Release|Any CPU
	EndGlobalSection
	GlobalSection(SolutionProperties) = preSolution
		HideSolutionNode = FALSE
	EndGlobalSection
	GlobalSection(ExtensibilityGlobals) = postSolution
		SolutionGuid = {A35C4581-B8E7-4D00-88E2-64C726C3FD28}
	EndGlobalSection
EndGlobal
